// !$*UTF8*$!
{
	archiveVersion = 1;
	classes = {
	};
	objectVersion = 77;
	objects = {

/* Begin PBXContainerItemProxy section */
		8FC4F9CD2D46E1B4001C649F /* PBXContainerItemProxy */ = {
			isa = PBXContainerItemProxy;
			containerPortal = 8FC4F9B42D46E1AE001C649F /* Project object */;
			proxyType = 1;
			remoteGlobalIDString = 8FC4F9BB2D46E1AE001C649F;
			remoteInfo = BevBook;
		};
		8FC4F9D72D46E1B4001C649F /* PBXContainerItemProxy */ = {
			isa = PBXContainerItemProxy;
			containerPortal = 8FC4F9B42D46E1AE001C649F /* Project object */;
			proxyType = 1;
			remoteGlobalIDString = 8FC4F9BB2D46E1AE001C649F;
			remoteInfo = BevBook;
		};
/* End PBXContainerItemProxy section */

/* Begin PBXFileReference section */
		8FC4F9BC2D46E1AE001C649F /* BevBook.app */ = {isa = PBXFileReference; explicitFileType = wrapper.application; includeInIndex = 0; path = BevBook.app; sourceTree = BUILT_PRODUCTS_DIR; };
		8FC4F9CC2D46E1B4001C649F /* BevBookTests.xctest */ = {isa = PBXFileReference; explicitFileType = wrapper.cfbundle; includeInIndex = 0; path = BevBookTests.xctest; sourceTree = BUILT_PRODUCTS_DIR; };
		8FC4F9D62D46E1B4001C649F /* BevBookUITests.xctest */ = {isa = PBXFileReference; explicitFileType = wrapper.cfbundle; includeInIndex = 0; path = BevBookUITests.xctest; sourceTree = BUILT_PRODUCTS_DIR; };
/* End PBXFileReference section */

/* Begin PBXFileSystemSynchronizedRootGroup section */
		8FC4F9BE2D46E1AE001C649F /* BevBook */ = {
			isa = PBXFileSystemSynchronizedRootGroup;
			path = BevBook;
			sourceTree = "<group>";
		};
		8FC4F9CF2D46E1B4001C649F /* BevBookTests */ = {
			isa = PBXFileSystemSynchronizedRootGroup;
			path = BevBookTests;
			sourceTree = "<group>";
		};
		8FC4F9D92D46E1B4001C649F /* BevBookUITests */ = {
			isa = PBXFileSystemSynchronizedRootGroup;
			path = BevBookUITests;
			sourceTree = "<group>";
		};
/* End PBXFileSystemSynchronizedRootGroup section */

/* Begin PBXFrameworksBuildPhase section */
		8FC4F9B92D46E1AE001C649F /* Frameworks */ = {
			isa = PBXFrameworksBuildPhase;
			buildActionMask = 2147483647;
			files = (
			);
			runOnlyForDeploymentPostprocessing = 0;
		};
		8FC4F9C92D46E1B4001C649F /* Frameworks */ = {
			isa = PBXFrameworksBuildPhase;
			buildActionMask = 2147483647;
			files = (
			);
			runOnlyForDeploymentPostprocessing = 0;
		};
		8FC4F9D32D46E1B4001C649F /* Frameworks */ = {
			isa = PBXFrameworksBuildPhase;
			buildActionMask = 2147483647;
			files = (
			);
			runOnlyForDeploymentPostprocessing = 0;
		};
/* End PBXFrameworksBuildPhase section */

/* Begin PBXGroup section */
		8FC4F9B32D46E1AE001C649F = {
			isa = PBXGroup;
			children = (
				8FC4F9BE2D46E1AE001C649F /* BevBook */,
				8FC4F9CF2D46E1B4001C649F /* BevBookTests */,
				8FC4F9D92D46E1B4001C649F /* BevBookUITests */,
				8FC4F9BD2D46E1AE001C649F /* Products */,
			);
			sourceTree = "<group>";
		};
		8FC4F9BD2D46E1AE001C649F /* Products */ = {
			isa = PBXGroup;
			children = (
				8FC4F9BC2D46E1AE001C649F /* BevBook.app */,
				8FC4F9CC2D46E1B4001C649F /* BevBookTests.xctest */,
				8FC4F9D62D46E1B4001C649F /* BevBookUITests.xctest */,
			);
			name = Products;
			sourceTree = "<group>";
		};
/* End PBXGroup section */

/* Begin PBXNativeTarget section */
		8FC4F9BB2D46E1AE001C649F /* BevBook */ = {
			isa = PBXNativeTarget;
			buildConfigurationList = 8FC4F9E02D46E1B4001C649F /* Build configuration list for PBXNativeTarget "BevBook" */;
			buildPhases = (
				8FC4F9B82D46E1AE001C649F /* Sources */,
				8FC4F9B92D46E1AE001C649F /* Frameworks */,
				8FC4F9BA2D46E1AE001C649F /* Resources */,
			);
			buildRules = (
			);
			dependencies = (
			);
			fileSystemSynchronizedGroups = (
				8FC4F9BE2D46E1AE001C649F /* BevBook */,
			);
			name = BevBook;
			packageProductDependencies = (
			);
			productName = BevBook;
			productReference = 8FC4F9BC2D46E1AE001C649F /* BevBook.app */;
			productType = "com.apple.product-type.application";
		};
		8FC4F9CB2D46E1B4001C649F /* BevBookTests */ = {
			isa = PBXNativeTarget;
			buildConfigurationList = 8FC4F9E32D46E1B4001C649F /* Build configuration list for PBXNativeTarget "BevBookTests" */;
			buildPhases = (
				8FC4F9C82D46E1B4001C649F /* Sources */,
				8FC4F9C92D46E1B4001C649F /* Frameworks */,
				8FC4F9CA2D46E1B4001C649F /* Resources */,
			);
			buildRules = (
			);
			dependencies = (
				8FC4F9CE2D46E1B4001C649F /* PBXTargetDependency */,
			);
			fileSystemSynchronizedGroups = (
				8FC4F9CF2D46E1B4001C649F /* BevBookTests */,
			);
			name = BevBookTests;
			packageProductDependencies = (
			);
			productName = BevBookTests;
			productReference = 8FC4F9CC2D46E1B4001C649F /* BevBookTests.xctest */;
			productType = "com.apple.product-type.bundle.unit-test";
		};
		8FC4F9D52D46E1B4001C649F /* BevBookUITests */ = {
			isa = PBXNativeTarget;
			buildConfigurationList = 8FC4F9E62D46E1B4001C649F /* Build configuration list for PBXNativeTarget "BevBookUITests" */;
			buildPhases = (
				8FC4F9D22D46E1B4001C649F /* Sources */,
				8FC4F9D32D46E1B4001C649F /* Frameworks */,
				8FC4F9D42D46E1B4001C649F /* Resources */,
			);
			buildRules = (
			);
			dependencies = (
				8FC4F9D82D46E1B4001C649F /* PBXTargetDependency */,
			);
			fileSystemSynchronizedGroups = (
				8FC4F9D92D46E1B4001C649F /* BevBookUITests */,
			);
			name = BevBookUITests;
			packageProductDependencies = (
			);
			productName = BevBookUITests;
			productReference = 8FC4F9D62D46E1B4001C649F /* BevBookUITests.xctest */;
			productType = "com.apple.product-type.bundle.ui-testing";
		};
/* End PBXNativeTarget section */

/* Begin PBXProject section */
		8FC4F9B42D46E1AE001C649F /* Project object */ = {
			isa = PBXProject;
			attributes = {
				BuildIndependentTargetsInParallel = 1;
				LastSwiftUpdateCheck = 1620;
				LastUpgradeCheck = 1620;
				TargetAttributes = {
					8FC4F9BB2D46E1AE001C649F = {
						CreatedOnToolsVersion = 16.2;
					};
					8FC4F9CB2D46E1B4001C649F = {
						CreatedOnToolsVersion = 16.2;
						TestTargetID = 8FC4F9BB2D46E1AE001C649F;
					};
					8FC4F9D52D46E1B4001C649F = {
						CreatedOnToolsVersion = 16.2;
						TestTargetID = 8FC4F9BB2D46E1AE001C649F;
					};
				};
			};
			buildConfigurationList = 8FC4F9B72D46E1AE001C649F /* Build configuration list for PBXProject "BevBook" */;
			developmentRegion = en;
			hasScannedForEncodings = 0;
			knownRegions = (
				en,
				Base,
			);
			mainGroup = 8FC4F9B32D46E1AE001C649F;
			minimizedProjectReferenceProxies = 1;
			preferredProjectObjectVersion = 77;
			productRefGroup = 8FC4F9BD2D46E1AE001C649F /* Products */;
			projectDirPath = "";
			projectRoot = "";
			targets = (
				8FC4F9BB2D46E1AE001C649F /* BevBook */,
				8FC4F9CB2D46E1B4001C649F /* BevBookTests */,
				8FC4F9D52D46E1B4001C649F /* BevBookUITests */,
			);
		};
/* End PBXProject section */

/* Begin PBXResourcesBuildPhase section */
		8FC4F9BA2D46E1AE001C649F /* Resources */ = {
			isa = PBXResourcesBuildPhase;
			buildActionMask = 2147483647;
			files = (
			);
			runOnlyForDeploymentPostprocessing = 0;
		};
		8FC4F9CA2D46E1B4001C649F /* Resources */ = {
			isa = PBXResourcesBuildPhase;
			buildActionMask = 2147483647;
			files = (
			);
			runOnlyForDeploymentPostprocessing = 0;
		};
		8FC4F9D42D46E1B4001C649F /* Resources */ = {
			isa = PBXResourcesBuildPhase;
			buildActionMask = 2147483647;
			files = (
			);
			runOnlyForDeploymentPostprocessing = 0;
		};
/* End PBXResourcesBuildPhase section */

/* Begin PBXSourcesBuildPhase section */
		8FC4F9B82D46E1AE001C649F /* Sources */ = {
			isa = PBXSourcesBuildPhase;
			buildActionMask = 2147483647;
			files = (
			);
			runOnlyForDeploymentPostprocessing = 0;
		};
		8FC4F9C82D46E1B4001C649F /* Sources */ = {
			isa = PBXSourcesBuildPhase;
			buildActionMask = 2147483647;
			files = (
			);
			runOnlyForDeploymentPostprocessing = 0;
		};
		8FC4F9D22D46E1B4001C649F /* Sources */ = {
			isa = PBXSourcesBuildPhase;
			buildActionMask = 2147483647;
			files = (
			);
			runOnlyForDeploymentPostprocessing = 0;
		};
/* End PBXSourcesBuildPhase section */

/* Begin PBXTargetDependency section */
		8FC4F9CE2D46E1B4001C649F /* PBXTargetDependency */ = {
			isa = PBXTargetDependency;
			target = 8FC4F9BB2D46E1AE001C649F /* BevBook */;
			targetProxy = 8FC4F9CD2D46E1B4001C649F /* PBXContainerItemProxy */;
		};
		8FC4F9D82D46E1B4001C649F /* PBXTargetDependency */ = {
			isa = PBXTargetDependency;
			target = 8FC4F9BB2D46E1AE001C649F /* BevBook */;
			targetProxy = 8FC4F9D72D46E1B4001C649F /* PBXContainerItemProxy */;
		};
/* End PBXTargetDependency section */

/* Begin XCBuildConfiguration section */
		8FC4F9DE2D46E1B4001C649F /* Debug */ = {
			isa = XCBuildConfiguration;
			buildSettings = {
				ALWAYS_SEARCH_USER_PATHS = NO;
				ASSETCATALOG_COMPILER_GENERATE_SWIFT_ASSET_SYMBOL_EXTENSIONS = YES;
				CLANG_ANALYZER_NONNULL = YES;
				CLANG_ANALYZER_NUMBER_OBJECT_CONVERSION = YES_AGGRESSIVE;
				CLANG_CXX_LANGUAGE_STANDARD = "gnu++20";
				CLANG_ENABLE_MODULES = YES;
				CLANG_ENABLE_OBJC_ARC = YES;
				CLANG_ENABLE_OBJC_WEAK = YES;
				CLANG_WARN_BLOCK_CAPTURE_AUTORELEASING = YES;
				CLANG_WARN_BOOL_CONVERSION = YES;
				CLANG_WARN_COMMA = YES;
				CLANG_WARN_CONSTANT_CONVERSION = YES;
				CLANG_WARN_DEPRECATED_OBJC_IMPLEMENTATIONS = YES;
				CLANG_WARN_DIRECT_OBJC_ISA_USAGE = YES_ERROR;
				CLANG_WARN_DOCUMENTATION_COMMENTS = YES;
				CLANG_WARN_EMPTY_BODY = YES;
				CLANG_WARN_ENUM_CONVERSION = YES;
				CLANG_WARN_INFINITE_RECURSION = YES;
				CLANG_WARN_INT_CONVERSION = YES;
				CLANG_WARN_NON_LITERAL_NULL_CONVERSION = YES;
				CLANG_WARN_OBJC_IMPLICIT_RETAIN_SELF = YES;
				CLANG_WARN_OBJC_LITERAL_CONVERSION = YES;
				CLANG_WARN_OBJC_ROOT_CLASS = YES_ERROR;
				CLANG_WARN_QUOTED_INCLUDE_IN_FRAMEWORK_HEADER = YES;
				CLANG_WARN_RANGE_LOOP_ANALYSIS = YES;
				CLANG_WARN_STRICT_PROTOTYPES = YES;
				CLANG_WARN_SUSPICIOUS_MOVE = YES;
				CLANG_WARN_UNGUARDED_AVAILABILITY = YES_AGGRESSIVE;
				CLANG_WARN_UNREACHABLE_CODE = YES;
				CLANG_WARN__DUPLICATE_METHOD_MATCH = YES;
				COPY_PHASE_STRIP = NO;
				DEBUG_INFORMATION_FORMAT = dwarf;
				ENABLE_STRICT_OBJC_MSGSEND = YES;
				ENABLE_TESTABILITY = YES;
				ENABLE_USER_SCRIPT_SANDBOXING = YES;
				GCC_C_LANGUAGE_STANDARD = gnu17;
				GCC_DYNAMIC_NO_PIC = NO;
				GCC_NO_COMMON_BLOCKS = YES;
				GCC_OPTIMIZATION_LEVEL = 0;
				GCC_PREPROCESSOR_DEFINITIONS = (
					"DEBUG=1",
					"$(inherited)",
				);
				GCC_WARN_64_TO_32_BIT_CONVERSION = YES;
				GCC_WARN_ABOUT_RETURN_TYPE = YES_ERROR;
				GCC_WARN_UNDECLARED_SELECTOR = YES;
				GCC_WARN_UNINITIALIZED_AUTOS = YES_AGGRESSIVE;
				GCC_WARN_UNUSED_FUNCTION = YES;
				GCC_WARN_UNUSED_VARIABLE = YES;
				IPHONEOS_DEPLOYMENT_TARGET = 18.2;
				LOCALIZATION_PREFERS_STRING_CATALOGS = YES;
				MTL_ENABLE_DEBUG_INFO = INCLUDE_SOURCE;
				MTL_FAST_MATH = YES;
				ONLY_ACTIVE_ARCH = YES;
				SDKROOT = iphoneos;
				SWIFT_ACTIVE_COMPILATION_CONDITIONS = "DEBUG $(inherited)";
				SWIFT_OPTIMIZATION_LEVEL = "-Onone";
			};
			name = Debug;
		};
		8FC4F9DF2D46E1B4001C649F /* Release */ = {
			isa = XCBuildConfiguration;
			buildSettings = {
				ALWAYS_SEARCH_USER_PATHS = NO;
				ASSETCATALOG_COMPILER_GENERATE_SWIFT_ASSET_SYMBOL_EXTENSIONS = YES;
				CLANG_ANALYZER_NONNULL = YES;
				CLANG_ANALYZER_NUMBER_OBJECT_CONVERSION = YES_AGGRESSIVE;
				CLANG_CXX_LANGUAGE_STANDARD = "gnu++20";
				CLANG_ENABLE_MODULES = YES;
				CLANG_ENABLE_OBJC_ARC = YES;
				CLANG_ENABLE_OBJC_WEAK = YES;
				CLANG_WARN_BLOCK_CAPTURE_AUTORELEASING = YES;
				CLANG_WARN_BOOL_CONVERSION = YES;
				CLANG_WARN_COMMA = YES;
				CLANG_WARN_CONSTANT_CONVERSION = YES;
				CLANG_WARN_DEPRECATED_OBJC_IMPLEMENTATIONS = YES;
				CLANG_WARN_DIRECT_OBJC_ISA_USAGE = YES_ERROR;
				CLANG_WARN_DOCUMENTATION_COMMENTS = YES;
				CLANG_WARN_EMPTY_BODY = YES;
				CLANG_WARN_ENUM_CONVERSION = YES;
				CLANG_WARN_INFINITE_RECURSION = YES;
				CLANG_WARN_INT_CONVERSION = YES;
				CLANG_WARN_NON_LITERAL_NULL_CONVERSION = YES;
				CLANG_WARN_OBJC_IMPLICIT_RETAIN_SELF = YES;
				CLANG_WARN_OBJC_LITERAL_CONVERSION = YES;
				CLANG_WARN_OBJC_ROOT_CLASS = YES_ERROR;
				CLANG_WARN_QUOTED_INCLUDE_IN_FRAMEWORK_HEADER = YES;
				CLANG_WARN_RANGE_LOOP_ANALYSIS = YES;
				CLANG_WARN_STRICT_PROTOTYPES = YES;
				CLANG_WARN_SUSPICIOUS_MOVE = YES;
				CLANG_WARN_UNGUARDED_AVAILABILITY = YES_AGGRESSIVE;
				CLANG_WARN_UNREACHABLE_CODE = YES;
				CLANG_WARN__DUPLICATE_METHOD_MATCH = YES;
				COPY_PHASE_STRIP = NO;
				DEBUG_INFORMATION_FORMAT = "dwarf-with-dsym";
				ENABLE_NS_ASSERTIONS = NO;
				ENABLE_STRICT_OBJC_MSGSEND = YES;
				ENABLE_USER_SCRIPT_SANDBOXING = YES;
				GCC_C_LANGUAGE_STANDARD = gnu17;
				GCC_NO_COMMON_BLOCKS = YES;
				GCC_WARN_64_TO_32_BIT_CONVERSION = YES;
				GCC_WARN_ABOUT_RETURN_TYPE = YES_ERROR;
				GCC_WARN_UNDECLARED_SELECTOR = YES;
				GCC_WARN_UNINITIALIZED_AUTOS = YES_AGGRESSIVE;
				GCC_WARN_UNUSED_FUNCTION = YES;
				GCC_WARN_UNUSED_VARIABLE = YES;
				IPHONEOS_DEPLOYMENT_TARGET = 18.2;
				LOCALIZATION_PREFERS_STRING_CATALOGS = YES;
				MTL_ENABLE_DEBUG_INFO = NO;
				MTL_FAST_MATH = YES;
				SDKROOT = iphoneos;
				SWIFT_COMPILATION_MODE = wholemodule;
				VALIDATE_PRODUCT = YES;
			};
			name = Release;
		};
		8FC4F9E12D46E1B4001C649F /* Debug */ = {
			isa = XCBuildConfiguration;
			buildSettings = {
				ASSETCATALOG_COMPILER_APPICON_NAME = AppIcon;
				ASSETCATALOG_COMPILER_GLOBAL_ACCENT_COLOR_NAME = AccentColor;
				CODE_SIGN_STYLE = Automatic;
				CURRENT_PROJECT_VERSION = 1;
				DEVELOPMENT_ASSET_PATHS = "\"BevBook/Preview Content\"";
				ENABLE_PREVIEWS = YES;
				GENERATE_INFOPLIST_FILE = YES;
				INFOPLIST_KEY_UIApplicationSceneManifest_Generation = YES;
				INFOPLIST_KEY_UIApplicationSupportsIndirectInputEvents = YES;
				INFOPLIST_KEY_UILaunchScreen_Generation = YES;
				INFOPLIST_KEY_UISupportedInterfaceOrientations_iPad = "UIInterfaceOrientationPortrait UIInterfaceOrientationPortraitUpsideDown UIInterfaceOrientationLandscapeLeft UIInterfaceOrientationLandscapeRight";
				INFOPLIST_KEY_UISupportedInterfaceOrientations_iPhone = "UIInterfaceOrientationPortrait UIInterfaceOrientationLandscapeLeft UIInterfaceOrientationLandscapeRight";
				LD_RUNPATH_SEARCH_PATHS = (
					"$(inherited)",
					"@executable_path/Frameworks",
				);
				MARKETING_VERSION = 1.0;
				PRODUCT_BUNDLE_IDENTIFIER = Tyson.BevBook;
				PRODUCT_NAME = "$(TARGET_NAME)";
				SWIFT_EMIT_LOC_STRINGS = YES;
				SWIFT_VERSION = 5.0;
				TARGETED_DEVICE_FAMILY = "1,2";
			};
			name = Debug;
		};
		8FC4F9E22D46E1B4001C649F /* Release */ = {
			isa = XCBuildConfiguration;
			buildSettings = {
				ASSETCATALOG_COMPILER_APPICON_NAME = AppIcon;
				ASSETCATALOG_COMPILER_GLOBAL_ACCENT_COLOR_NAME = AccentColor;
				CODE_SIGN_STYLE = Automatic;
				CURRENT_PROJECT_VERSION = 1;
				DEVELOPMENT_ASSET_PATHS = "\"BevBook/Preview Content\"";
				ENABLE_PREVIEWS = YES;
				GENERATE_INFOPLIST_FILE = YES;
				INFOPLIST_KEY_UIApplicationSceneManifest_Generation = YES;
				INFOPLIST_KEY_UIApplicationSupportsIndirectInputEvents = YES;
				INFOPLIST_KEY_UILaunchScreen_Generation = YES;
				INFOPLIST_KEY_UISupportedInterfaceOrientations_iPad = "UIInterfaceOrientationPortrait UIInterfaceOrientationPortraitUpsideDown UIInterfaceOrientationLandscapeLeft UIInterfaceOrientationLandscapeRight";
				INFOPLIST_KEY_UISupportedInterfaceOrientations_iPhone = "UIInterfaceOrientationPortrait UIInterfaceOrientationLandscapeLeft UIInterfaceOrientationLandscapeRight";
				LD_RUNPATH_SEARCH_PATHS = (
					"$(inherited)",
					"@executable_path/Frameworks",
				);
				MARKETING_VERSION = 1.0;
				PRODUCT_BUNDLE_IDENTIFIER = Tyson.BevBook;
				PRODUCT_NAME = "$(TARGET_NAME)";
				SWIFT_EMIT_LOC_STRINGS = YES;
				SWIFT_VERSION = 5.0;
				TARGETED_DEVICE_FAMILY = "1,2";
			};
			name = Release;
		};
		8FC4F9E42D46E1B4001C649F /* Debug */ = {
			isa = XCBuildConfiguration;
			buildSettings = {
				BUNDLE_LOADER = "$(TEST_HOST)";
				CODE_SIGN_STYLE = Automatic;
				CURRENT_PROJECT_VERSION = 1;
				GENERATE_INFOPLIST_FILE = YES;
				IPHONEOS_DEPLOYMENT_TARGET = 18.2;
				MARKETING_VERSION = 1.0;
				PRODUCT_BUNDLE_IDENTIFIER = Tyson.BevBookTests;
				PRODUCT_NAME = "$(TARGET_NAME)";
				SWIFT_EMIT_LOC_STRINGS = NO;
				SWIFT_VERSION = 5.0;
				TARGETED_DEVICE_FAMILY = "1,2";
				TEST_HOST = "$(BUILT_PRODUCTS_DIR)/BevBook.app/$(BUNDLE_EXECUTABLE_FOLDER_PATH)/BevBook";
			};
			name = Debug;
		};
		8FC4F9E52D46E1B4001C649F /* Release */ = {
			isa = XCBuildConfiguration;
			buildSettings = {
				BUNDLE_LOADER = "$(TEST_HOST)";
				CODE_SIGN_STYLE = Automatic;
				CURRENT_PROJECT_VERSION = 1;
				GENERATE_INFOPLIST_FILE = YES;
				IPHONEOS_DEPLOYMENT_TARGET = 18.2;
				MARKETING_VERSION = 1.0;
				PRODUCT_BUNDLE_IDENTIFIER = Tyson.BevBookTests;
				PRODUCT_NAME = "$(TARGET_NAME)";
				SWIFT_EMIT_LOC_STRINGS = NO;
				SWIFT_VERSION = 5.0;
				TARGETED_DEVICE_FAMILY = "1,2";
				TEST_HOST = "$(BUILT_PRODUCTS_DIR)/BevBook.app/$(BUNDLE_EXECUTABLE_FOLDER_PATH)/BevBook";
			};
			name = Release;
		};
		8FC4F9E72D46E1B4001C649F /* Debug */ = {
			isa = XCBuildConfiguration;
			buildSettings = {
				CODE_SIGN_STYLE = Automatic;
				CURRENT_PROJECT_VERSION = 1;
				GENERATE_INFOPLIST_FILE = YES;
				MARKETING_VERSION = 1.0;
				PRODUCT_BUNDLE_IDENTIFIER = Tyson.BevBookUITests;
				PRODUCT_NAME = "$(TARGET_NAME)";
				SWIFT_EMIT_LOC_STRINGS = NO;
				SWIFT_VERSION = 5.0;
				TARGETED_DEVICE_FAMILY = "1,2";
				TEST_TARGET_NAME = BevBook;
			};
			name = Debug;
		};
		8FC4F9E82D46E1B4001C649F /* Release */ = {
			isa = XCBuildConfiguration;
			buildSettings = {
				CODE_SIGN_STYLE = Automatic;
				CURRENT_PROJECT_VERSION = 1;
				GENERATE_INFOPLIST_FILE = YES;
				MARKETING_VERSION = 1.0;
				PRODUCT_BUNDLE_IDENTIFIER = Tyson.BevBookUITests;
				PRODUCT_NAME = "$(TARGET_NAME)";
				SWIFT_EMIT_LOC_STRINGS = NO;
				SWIFT_VERSION = 5.0;
				TARGETED_DEVICE_FAMILY = "1,2";
				TEST_TARGET_NAME = BevBook;
			};
			name = Release;
		};
/* End XCBuildConfiguration section */

/* Begin XCConfigurationList section */
		8FC4F9B72D46E1AE001C649F /* Build configuration list for PBXProject "BevBook" */ = {
			isa = XCConfigurationList;
			buildConfigurations = (
				8FC4F9DE2D46E1B4001C649F /* Debug */,
				8FC4F9DF2D46E1B4001C649F /* Release */,
			);
			defaultConfigurationIsVisible = 0;
			defaultConfigurationName = Release;
		};
		8FC4F9E02D46E1B4001C649F /* Build configuration list for PBXNativeTarget "BevBook" */ = {
			isa = XCConfigurationList;
			buildConfigurations = (
				8FC4F9E12D46E1B4001C649F /* Debug */,
				8FC4F9E22D46E1B4001C649F /* Release */,
			);
			defaultConfigurationIsVisible = 0;
			defaultConfigurationName = Release;
		};
		8FC4F9E32D46E1B4001C649F /* Build configuration list for PBXNativeTarget "BevBookTests" */ = {
			isa = XCConfigurationList;
			buildConfigurations = (
				8FC4F9E42D46E1B4001C649F /* Debug */,
				8FC4F9E52D46E1B4001C649F /* Release */,
			);
			defaultConfigurationIsVisible = 0;
			defaultConfigurationName = Release;
		};
		8FC4F9E62D46E1B4001C649F /* Build configuration list for PBXNativeTarget "BevBookUITests" */ = {
			isa = XCConfigurationList;
			buildConfigurations = (
				8FC4F9E72D46E1B4001C649F /* Debug */,
				8FC4F9E82D46E1B4001C649F /* Release */,
			);
			defaultConfigurationIsVisible = 0;
			defaultConfigurationName = Release;
		};
/* End XCConfigurationList section */
	};
	rootObject = 8FC4F9B42D46E1AE001C649F /* Project object */;
}
